{
  "nodes": {
    "haumea": {
      "inputs": {
        "nixpkgs": [
          "nur-dzming",
          "nixpkgs"
        ]
      },
      "locked": {
        "lastModified": 1780171922,
        "narHash": "sha256-SNhiAPcXCazGAyj0TNIlR+VIIOiI9cKkPKMn5xMe+ak=",
        "owner": "nix-community",
        "repo": "haumea",
        "rev": "f3546533c5cdefbac1a419d43cafb96bdb1aacc3",
        "type": "github"
      },
      "original": {
        "owner": "nix-community",
        "repo": "haumea",
        "type": "github"
      }
    },
    "nixpkgs": {
      "locked": {
        "lastModified": 1779560665,
        "narHash": "sha256-tpyBcxPpcQb8ukyNF7DoCwfSY3VPsxHoYwj00Cayv5o=",
        "owner": "NixOS",
        "repo": "nixpkgs",
        "rev": "64c08a7ca051951c8eae34e3e3cb1e202fe36786",
        "type": "github"
      },
      "original": {
        "owner": "NixOS",
        "ref": "nixos-unstable",
        "repo": "nixpkgs",
        "type": "github"
      }
    },
    "nur-dzming": {
      "inputs": {
        "haumea": "haumea",
        "nixpkgs": [
          "nixpkgs"
        ]
      },
      "locked": {
        "lastModified": 1780284599,
        "narHash": "sha256-r7cCG0+acm3KdrZGSFvEovPs7g68zRuYvnJyQWA5cSU=",
        "owner": "DzmingLi",
        "repo": "nur-packages",
        "rev": "bee528fa9687aeb7d4fbf2b269ae0a9f688c933e",
        "type": "github"
      },
      "original": {
        "owner": "DzmingLi",
        "repo": "nur-packages",
        "type": "github"
      }
    },
    "root": {
      "inputs": {
        "nixpkgs": "nixpkgs",
        "nur-dzming": "nur-dzming"
      }
    }
  },
  "root": "root",
  "version": 7
}
